{
  "name": "@codeops/codeops-model-proxy",
  "version": "0.1.0",
  "lockfileVersion": 3,
  "requires": true,
  "packages": {
    "": {
      "name": "@codeops/codeops-model-proxy",
      "version": "0.1.0",
      "dependencies": {
        "varlock": "1.16.1"
      },
      "engines": {
        "node": "24.x"
      }
    },
    "node_modules/varlock": {
      "version": "1.16.1",
      "resolved": "https://registry.npmjs.org/varlock/-/varlock-1.16.1.tgz",
      "integrity": "sha512-n3s+uPnn5nxHvPGhtLIMj7gC0Xd9Bje4smRSRcLsI2p11VPhs1e/ZfcJcfOhyNH5yp1RwHszJ8QR3x5eTGF7Zg==",
      "license": "MIT",
      "bin": {
        "varlock": "bin/cli.js"
      },
      "engines": {
        "bun": ">=1.3.3",
        "node": ">=22.3.0"
      }
    }
  }
}
